# THIS IS AN AUTOGENERATED FILE. DO NOT EDIT THIS FILE DIRECTLY.
# yarn lockfile v1


"@types/dat-gui@^0.6.3":
  version "0.6.3"
  resolved "https://registry.npmmirror.com/@types/dat-gui/-/dat-gui-0.6.3.tgz#2285a22ee28fbed05f3932dda9144d18c9903b5d"
  integrity sha512-N0JUd1/jrKQ00w0lz6uyx/4XhJ+qQb9Ir05DEzP4YS5N+vQUyKtcyVBG/u+NF7EkAkHHYDyzpvYf0AMS89R2OQ==

"@types/mocha@^2.2.42":
  version "2.2.48"
  resolved "https://registry.npmmirror.com/@types/mocha/-/mocha-2.2.48.tgz#3523b126a0b049482e1c3c11877460f76622ffab"
  integrity sha512-nlK/iyETgafGli8Zh9zJVCTicvU3iajSkRwOh3Hhiva598CMqNJ4NcVCGMTGKpGpTYj/9R8RLzS9NAykSSCqGw==

"@types/node@^12.12.0":
  version "12.20.55"
  resolved "https://registry.npmmirror.com/@types/node/-/node-12.20.55.tgz#c329cbd434c42164f846b909bd6f85b5537f6240"
  integrity sha512-J8xLz7q2OFulZ2cyGTLE1TbbZcjpno7FaN6zdJNrgAdrJ+DZzh/uFR6YrTb4C+nXakvud8Q4+rbhoIWlYQbUFQ==

"@types/three@^0.84.30":
  version "0.84.37"
  resolved "https://registry.npmmirror.com/@types/three/-/three-0.84.37.tgz#30ddd17a59a970ef21d252c08ae1cdd7b8b57cff"
  integrity sha512-lzekwNCdEEkGAts0iVHQb6sMGl3LzwFfqAcxyGMpNwkSGx9NN0EfDiBax2HGoELSahqnSehVKScyHKLONytFCw==
  dependencies:
    "@types/webvr-api" "*"

"@types/vscode@^1.45.1":
  version "1.68.1"
  resolved "https://registry.npmmirror.com/@types/vscode/-/vscode-1.68.1.tgz#a9e5b33f825f715cae80593cb6d5d6d4cabbe998"
  integrity sha512-fXlaq13NT5yHh6yZ3c+UxXloTSk34mIvsNFYyQCeO5Po2BLFAwz7EZT4kQ43B64/aPcnAenyWy3QasrTofBOnQ==

"@types/webgl-ext@0.0.31":
  version "0.0.31"
  resolved "https://registry.npmmirror.com/@types/webgl-ext/-/webgl-ext-0.0.31.tgz#23589aa65c64f3e793b65b964505e61070361240"
  integrity sha512-k133YBzXYw4dlgEKJJiZVvHK2QXu3I6bhGCkXq3U+tn5yDId07xeqw/InjzXnJrtUImnbf1kry1bE+3Dw0+Fjg==

"@types/webvr-api@*":
  version "0.0.36"
  resolved "https://registry.npmmirror.com/@types/webvr-api/-/webvr-api-0.0.36.tgz#39d2694cb40d816805a285c7ed3c7ceb488b371a"
  integrity sha512-fGXlG8KA8cHOGR2BG7w40nSEKgAqg9h7cUm6zW1dSI7DCba7RvJNKGt0sgJzAXXvNzAAOcIGY6OpHEnKGhhjsQ==

typescript@^3.8.3:
  version "3.9.10"
  resolved "https://registry.npmmirror.com/typescript/-/typescript-3.9.10.tgz#70f3910ac7a51ed6bef79da7800690b19bf778b8"
  integrity sha512-w6fIxVE/H1PkLKcCPsFqKE7Kv7QUwhU8qQY2MueZXWx5cPZdwFupLgKK3vntcK98BtNHZtAF4LA/yl2a7k8R6Q==
